<?xml version="1.0" encoding="utf-8"?>
<Project ToolsVersion="4.0" xmlns="http://schemas.microsoft.com/developer/msbuild/2003">
  <ItemGroup>
    <ClCompile Include="Src\linkedlist.cpp">
      <Filter>src</Filter>
    </ClCompile>
    <ClCompile Include="Src\queue.cpp">
      <Filter>src</Filter>
    </ClCompile>
    <ClCompile Include="Src\search.cpp">
      <Filter>src</Filter>
    </ClCompile>
    <ClCompile Include="Src\stack.cpp">
      <Filter>src</Filter>
    </ClCompile>
    <ClCompile Include="Src\tree.cpp">
      <Filter>src</Filter>
    </ClCompile>
  </ItemGroup>
  <ItemGroup>
    <ClInclude Include="Src\includes\linkedlist.h">
      <Filter>includes</Filter>
    </ClInclude>
    <ClInclude Include="Src\includes\queue.h">
      <Filter>includes</Filter>
    </ClInclude>
    <ClInclude Include="Src\includes\search.h">
      <Filter>includes</Filter>
    </ClInclude>
    <ClInclude Include="Src\includes\stack.h">
      <Filter>includes</Filter>
    </ClInclude>
    <ClInclude Include="Src\includes\tree.h">
      <Filter>includes</Filter>
    </ClInclude>
    <ClInclude Include="Src\includes\commonheaders.h">
      <Filter>includes</Filter>
    </ClInclude>
  </ItemGroup>
  <ItemGroup>
    <Text Include="ReadMe.txt" />
  </ItemGroup>
  <ItemGroup>
    <Filter Include="src">
      <UniqueIdentifier>{5511c98f-c838-41d5-b509-a03ce9254908}</UniqueIdentifier>
    </Filter>
    <Filter Include="includes">
      <UniqueIdentifier>{c3d9faed-3a5c-4994-977b-da629e705252}</UniqueIdentifier>
    </Filter>
  </ItemGroup>
</Project>